
Microsoft Visual Studio Solution File, Format Version 12.00
Project("{FAE04EC0-301F-11D3-BF4B-00C04F79EFBC}") = "GymAppBackend.Api", "GymAppBackend.Api\GymAppBackend.Api.csproj", "{2ECA675D-E0A5-4181-868E-FC8C19B8B133}"
EndProject
Project("{2150E333-8FDC-42A3-9474-1A3956D46DE8}") = "src", "src", "{B055C968-FED2-4657-AA87-1BFF580BFD2C}"
EndProject
Project("{FAE04EC0-301F-11D3-BF4B-00C04F79EFBC}") = "GymAppBackend.Core", "GymAppBackend.Core\GymAppBackend.Core.csproj", "{C0274E25-2184-4C37-95C2-EB20C4167795}"
EndProject
Project("{FAE04EC0-301F-11D3-BF4B-00C04F79EFBC}") = "GymAppBackend.Application", "GymAppBackend.Application\GymAppBackend.Application.csproj", "{2A221908-D73E-4A85-8DA1-CABBE4478E05}"
EndProject
Project("{FAE04EC0-301F-11D3-BF4B-00C04F79EFBC}") = "GymAppBackend.Infrastructure", "GymAppBackend.Infrastructure\GymAppBackend.Infrastructure.csproj", "{7F46F58C-FA2C-4105-B251-9BD6657112F1}"
EndProject
Project("{2150E333-8FDC-42A3-9474-1A3956D46DE8}") = "tests", "tests", "{9045832E-4855-48D2-8863-65E91B078192}"
EndProject
Project("{FAE04EC0-301F-11D3-BF4B-00C04F79EFBC}") = "GymAppBackend.Tests.Unit", "GymAppBackend.Tests.Unit\GymAppBackend.Tests.Unit.csproj", "{0A401E6B-496A-4700-9694-189A7C23C8D3}"
EndProject
Global
	GlobalSection(SolutionConfigurationPlatforms) = preSolution
		Debug|Any CPU = Debug|Any CPU
		Release|Any CPU = Release|Any CPU
	EndGlobalSection
	GlobalSection(ProjectConfigurationPlatforms) = postSolution
		{2ECA675D-E0A5-4181-868E-FC8C19B8B133}.Debug|Any CPU.ActiveCfg = Debug|Any CPU
		{2ECA675D-E0A5-4181-868E-FC8C19B8B133}.Debug|Any CPU.Build.0 = Debug|Any CPU
		{2ECA675D-E0A5-4181-868E-FC8C19B8B133}.Release|Any CPU.ActiveCfg = Release|Any CPU
		{2ECA675D-E0A5-4181-868E-FC8C19B8B133}.Release|Any CPU.Build.0 = Release|Any CPU
		{C0274E25-2184-4C37-95C2-EB20C4167795}.Debug|Any CPU.ActiveCfg = Debug|Any CPU
		{C0274E25-2184-4C37-95C2-EB20C4167795}.Debug|Any CPU.Build.0 = Debug|Any CPU
		{C0274E25-2184-4C37-95C2-EB20C4167795}.Release|Any CPU.ActiveCfg = Release|Any CPU
		{C0274E25-2184-4C37-95C2-EB20C4167795}.Release|Any CPU.Build.0 = Release|Any CPU
		{2A221908-D73E-4A85-8DA1-CABBE4478E05}.Debug|Any CPU.ActiveCfg = Debug|Any CPU
		{2A221908-D73E-4A85-8DA1-CABBE4478E05}.Debug|Any CPU.Build.0 = Debug|Any CPU
		{2A221908-D73E-4A85-8DA1-CABBE4478E05}.Release|Any CPU.ActiveCfg = Release|Any CPU
		{2A221908-D73E-4A85-8DA1-CABBE4478E05}.Release|Any CPU.Build.0 = Release|Any CPU
		{7F46F58C-FA2C-4105-B251-9BD6657112F1}.Debug|Any CPU.ActiveCfg = Debug|Any CPU
		{7F46F58C-FA2C-4105-B251-9BD6657112F1}.Debug|Any CPU.Build.0 = Debug|Any CPU
		{7F46F58C-FA2C-4105-B251-9BD6657112F1}.Release|Any CPU.ActiveCfg = Release|Any CPU
		{7F46F58C-FA2C-4105-B251-9BD6657112F1}.Release|Any CPU.Build.0 = Release|Any CPU
		{0A401E6B-496A-4700-9694-189A7C23C8D3}.Debug|Any CPU.ActiveCfg = Debug|Any CPU
		{0A401E6B-496A-4700-9694-189A7C23C8D3}.Debug|Any CPU.Build.0 = Debug|Any CPU
		{0A401E6B-496A-4700-9694-189A7C23C8D3}.Release|Any CPU.ActiveCfg = Release|Any CPU
		{0A401E6B-496A-4700-9694-189A7C23C8D3}.Release|Any CPU.Build.0 = Release|Any CPU
	EndGlobalSection
	GlobalSection(NestedProjects) = preSolution
		{2ECA675D-E0A5-4181-868E-FC8C19B8B133} = {B055C968-FED2-4657-AA87-1BFF580BFD2C}
		{C0274E25-2184-4C37-95C2-EB20C4167795} = {B055C968-FED2-4657-AA87-1BFF580BFD2C}
		{2A221908-D73E-4A85-8DA1-CABBE4478E05} = {B055C968-FED2-4657-AA87-1BFF580BFD2C}
		{7F46F58C-FA2C-4105-B251-9BD6657112F1} = {B055C968-FED2-4657-AA87-1BFF580BFD2C}
		{0A401E6B-496A-4700-9694-189A7C23C8D3} = {9045832E-4855-48D2-8863-65E91B078192}
	EndGlobalSection
EndGlobal
